// !$*UTF8*$!
{
	archiveVersion = 1;
	classes = {
	};
	objectVersion = 56;
	objects = {

/* Begin PBXBuildFile section */
		9E02EAE52993C9430010785A /* MainViewViewModel.swift in Sources */ = {isa = PBXBuildFile; fileRef = 9E02EAE42993C9430010785A /* MainViewViewModel.swift */; };
		9E02EAE7299437240010785A /* ArticleModels.swift in Sources */ = {isa = PBXBuildFile; fileRef = 9E02EAE6299437240010785A /* ArticleModels.swift */; };
		9E02EAE9299439DD0010785A /* LoginViewController.swift in Sources */ = {isa = PBXBuildFile; fileRef = 9E02EAE8299439DD0010785A /* LoginViewController.swift */; };
		9E02EAEB29943A000010785A /* LoginViewViewModel.swift in Sources */ = {isa = PBXBuildFile; fileRef = 9E02EAEA29943A000010785A /* LoginViewViewModel.swift */; };
		9E02EAEE29943B540010785A /* SnapKit in Frameworks */ = {isa = PBXBuildFile; productRef = 9E02EAED29943B540010785A /* SnapKit */; };
		9E44FF4F29A6A9E700B42B07 /* UserProfile.swift in Sources */ = {isa = PBXBuildFile; fileRef = 9E44FF4E29A6A9E700B42B07 /* UserProfile.swift */; };
		9EDCB129298BC37400EEE39C /* AppDelegate.swift in Sources */ = {isa = PBXBuildFile; fileRef = 9EDCB128298BC37400EEE39C /* AppDelegate.swift */; };
		9EDCB12B298BC37400EEE39C /* SceneDelegate.swift in Sources */ = {isa = PBXBuildFile; fileRef = 9EDCB12A298BC37400EEE39C /* SceneDelegate.swift */; };
		9EDCB12D298BC37400EEE39C /* MainViewController.swift in Sources */ = {isa = PBXBuildFile; fileRef = 9EDCB12C298BC37400EEE39C /* MainViewController.swift */; };
		9EDCB130298BC37400EEE39C /* Main.storyboard in Resources */ = {isa = PBXBuildFile; fileRef = 9EDCB12E298BC37400EEE39C /* Main.storyboard */; };
		9EDCB132298BC37400EEE39C /* Assets.xcassets in Resources */ = {isa = PBXBuildFile; fileRef = 9EDCB131298BC37400EEE39C /* Assets.xcassets */; };
		9EDCB135298BC37400EEE39C /* LaunchScreen.storyboard in Resources */ = {isa = PBXBuildFile; fileRef = 9EDCB133298BC37400EEE39C /* LaunchScreen.storyboard */; };
/* End PBXBuildFile section */

/* Begin PBXFileReference section */
		9E02EAE42993C9430010785A /* MainViewViewModel.swift */ = {isa = PBXFileReference; lastKnownFileType = sourcecode.swift; path = MainViewViewModel.swift; sourceTree = "<group>"; };
		9E02EAE6299437240010785A /* ArticleModels.swift */ = {isa = PBXFileReference; lastKnownFileType = sourcecode.swift; path = ArticleModels.swift; sourceTree = "<group>"; };
		9E02EAE8299439DD0010785A /* LoginViewController.swift */ = {isa = PBXFileReference; lastKnownFileType = sourcecode.swift; path = LoginViewController.swift; sourceTree = "<group>"; };
		9E02EAEA29943A000010785A /* LoginViewViewModel.swift */ = {isa = PBXFileReference; lastKnownFileType = sourcecode.swift; path = LoginViewViewModel.swift; sourceTree = "<group>"; };
		9E44FF4E29A6A9E700B42B07 /* UserProfile.swift */ = {isa = PBXFileReference; lastKnownFileType = sourcecode.swift; path = UserProfile.swift; sourceTree = "<group>"; };
		9EDCB125298BC37400EEE39C /* NewsApp.app */ = {isa = PBXFileReference; explicitFileType = wrapper.application; includeInIndex = 0; path = NewsApp.app; sourceTree = BUILT_PRODUCTS_DIR; };
		9EDCB128298BC37400EEE39C /* AppDelegate.swift */ = {isa = PBXFileReference; lastKnownFileType = sourcecode.swift; path = AppDelegate.swift; sourceTree = "<group>"; };
		9EDCB12A298BC37400EEE39C /* SceneDelegate.swift */ = {isa = PBXFileReference; lastKnownFileType = sourcecode.swift; path = SceneDelegate.swift; sourceTree = "<group>"; };
		9EDCB12C298BC37400EEE39C /* MainViewController.swift */ = {isa = PBXFileReference; lastKnownFileType = sourcecode.swift; path = MainViewController.swift; sourceTree = "<group>"; };
		9EDCB12F298BC37400EEE39C /* Base */ = {isa = PBXFileReference; lastKnownFileType = file.storyboard; name = Base; path = Base.lproj/Main.storyboard; sourceTree = "<group>"; };
		9EDCB131298BC37400EEE39C /* Assets.xcassets */ = {isa = PBXFileReference; lastKnownFileType = folder.assetcatalog; path = Assets.xcassets; sourceTree = "<group>"; };
		9EDCB134298BC37400EEE39C /* Base */ = {isa = PBXFileReference; lastKnownFileType = file.storyboard; name = Base; path = Base.lproj/LaunchScreen.storyboard; sourceTree = "<group>"; };
		9EDCB136298BC37400EEE39C /* Info.plist */ = {isa = PBXFileReference; lastKnownFileType = text.plist.xml; path = Info.plist; sourceTree = "<group>"; };
/* End PBXFileReference section */

/* Begin PBXFrameworksBuildPhase section */
		9EDCB122298BC37400EEE39C /* Frameworks */ = {
			isa = PBXFrameworksBuildPhase;
			buildActionMask = 2147483647;
			files = (
				9E02EAEE29943B540010785A /* SnapKit in Frameworks */,
			);
			runOnlyForDeploymentPostprocessing = 0;
		};
/* End PBXFrameworksBuildPhase section */

/* Begin PBXGroup section */
		9E02EAE329927A630010785A /* Resourses */ = {
			isa = PBXGroup;
			children = (
				9EDCB131298BC37400EEE39C /* Assets.xcassets */,
			);
			path = Resourses;
			sourceTree = "<group>";
		};
		9EDCB11C298BC37400EEE39C = {
			isa = PBXGroup;
			children = (
				9EDCB127298BC37400EEE39C /* NewsApp */,
				9EDCB126298BC37400EEE39C /* Products */,
			);
			sourceTree = "<group>";
		};
		9EDCB126298BC37400EEE39C /* Products */ = {
			isa = PBXGroup;
			children = (
				9EDCB125298BC37400EEE39C /* NewsApp.app */,
			);
			name = Products;
			sourceTree = "<group>";
		};
		9EDCB127298BC37400EEE39C /* NewsApp */ = {
			isa = PBXGroup;
			children = (
				9EDCB13F298BC85500EEE39C /* Models */,
				9EDCB13E298BC83D00EEE39C /* ViewModels */,
				9EDCB13C298BC79F00EEE39C /* Views */,
				9E02EAE329927A630010785A /* Resourses */,
				9EDCB13D298BC81000EEE39C /* SupportFiles */,
				9EDCB136298BC37400EEE39C /* Info.plist */,
			);
			path = NewsApp;
			sourceTree = "<group>";
		};
		9EDCB13C298BC79F00EEE39C /* Views */ = {
			isa = PBXGroup;
			children = (
				9EDCB12C298BC37400EEE39C /* MainViewController.swift */,
				9E02EAE8299439DD0010785A /* LoginViewController.swift */,
				9E44FF4E29A6A9E700B42B07 /* UserProfile.swift */,
				9EDCB140298BC86200EEE39C /* Storyboards */,
			);
			path = Views;
			sourceTree = "<group>";
		};
		9EDCB13D298BC81000EEE39C /* SupportFiles */ = {
			isa = PBXGroup;
			children = (
				9EDCB128298BC37400EEE39C /* AppDelegate.swift */,
				9EDCB12A298BC37400EEE39C /* SceneDelegate.swift */,
			);
			path = SupportFiles;
			sourceTree = "<group>";
		};
		9EDCB13E298BC83D00EEE39C /* ViewModels */ = {
			isa = PBXGroup;
			children = (
				9E02EAE42993C9430010785A /* MainViewViewModel.swift */,
				9E02EAEA29943A000010785A /* LoginViewViewModel.swift */,
			);
			path = ViewModels;
			sourceTree = "<group>";
		};
		9EDCB13F298BC85500EEE39C /* Models */ = {
			isa = PBXGroup;
			children = (
				9E02EAE6299437240010785A /* ArticleModels.swift */,
			);
			path = Models;
			sourceTree = "<group>";
		};
		9EDCB140298BC86200EEE39C /* Storyboards */ = {
			isa = PBXGroup;
			children = (
				9EDCB133298BC37400EEE39C /* LaunchScreen.storyboard */,
				9EDCB12E298BC37400EEE39C /* Main.storyboard */,
			);
			path = Storyboards;
			sourceTree = "<group>";
		};
/* End PBXGroup section */

/* Begin PBXNativeTarget section */
		9EDCB124298BC37400EEE39C /* NewsApp */ = {
			isa = PBXNativeTarget;
			buildConfigurationList = 9EDCB139298BC37400EEE39C /* Build configuration list for PBXNativeTarget "NewsApp" */;
			buildPhases = (
				9EDCB121298BC37400EEE39C /* Sources */,
				9EDCB122298BC37400EEE39C /* Frameworks */,
				9EDCB123298BC37400EEE39C /* Resources */,
			);
			buildRules = (
			);
			dependencies = (
			);
			name = NewsApp;
			packageProductDependencies = (
				9E02EAED29943B540010785A /* SnapKit */,
			);
			productName = NewsApp;
			productReference = 9EDCB125298BC37400EEE39C /* NewsApp.app */;
			productType = "com.apple.product-type.application";
		};
/* End PBXNativeTarget section */

/* Begin PBXProject section */
		9EDCB11D298BC37400EEE39C /* Project object */ = {
			isa = PBXProject;
			attributes = {
				BuildIndependentTargetsInParallel = 1;
				LastSwiftUpdateCheck = 1420;
				LastUpgradeCheck = 1420;
				TargetAttributes = {
					9EDCB124298BC37400EEE39C = {
						CreatedOnToolsVersion = 14.2;
					};
				};
			};
			buildConfigurationList = 9EDCB120298BC37400EEE39C /* Build configuration list for PBXProject "NewsApp" */;
			compatibilityVersion = "Xcode 14.0";
			developmentRegion = en;
			hasScannedForEncodings = 0;
			knownRegions = (
				en,
				Base,
			);
			mainGroup = 9EDCB11C298BC37400EEE39C;
			packageReferences = (
				9E02EAEC29943B540010785A /* XCRemoteSwiftPackageReference "SnapKit" */,
			);
			productRefGroup = 9EDCB126298BC37400EEE39C /* Products */;
			projectDirPath = "";
			projectRoot = "";
			targets = (
				9EDCB124298BC37400EEE39C /* NewsApp */,
			);
		};
/* End PBXProject section */

/* Begin PBXResourcesBuildPhase section */
		9EDCB123298BC37400EEE39C /* Resources */ = {
			isa = PBXResourcesBuildPhase;
			buildActionMask = 2147483647;
			files = (
				9EDCB135298BC37400EEE39C /* LaunchScreen.storyboard in Resources */,
				9EDCB132298BC37400EEE39C /* Assets.xcassets in Resources */,
				9EDCB130298BC37400EEE39C /* Main.storyboard in Resources */,
			);
			runOnlyForDeploymentPostprocessing = 0;
		};
/* End PBXResourcesBuildPhase section */

/* Begin PBXSourcesBuildPhase section */
		9EDCB121298BC37400EEE39C /* Sources */ = {
			isa = PBXSourcesBuildPhase;
			buildActionMask = 2147483647;
			files = (
				9E02EAE9299439DD0010785A /* LoginViewController.swift in Sources */,
				9E02EAEB29943A000010785A /* LoginViewViewModel.swift in Sources */,
				9EDCB12D298BC37400EEE39C /* MainViewController.swift in Sources */,
				9E02EAE7299437240010785A /* ArticleModels.swift in Sources */,
				9E44FF4F29A6A9E700B42B07 /* UserProfile.swift in Sources */,
				9EDCB129298BC37400EEE39C /* AppDelegate.swift in Sources */,
				9E02EAE52993C9430010785A /* MainViewViewModel.swift in Sources */,
				9EDCB12B298BC37400EEE39C /* SceneDelegate.swift in Sources */,
			);
			runOnlyForDeploymentPostprocessing = 0;
		};
/* End PBXSourcesBuildPhase section */

/* Begin PBXVariantGroup section */
		9EDCB12E298BC37400EEE39C /* Main.storyboard */ = {
			isa = PBXVariantGroup;
			children = (
				9EDCB12F298BC37400EEE39C /* Base */,
			);
			name = Main.storyboard;
			sourceTree = "<group>";
		};
		9EDCB133298BC37400EEE39C /* LaunchScreen.storyboard */ = {
			isa = PBXVariantGroup;
			children = (
				9EDCB134298BC37400EEE39C /* Base */,
			);
			name = LaunchScreen.storyboard;
			sourceTree = "<group>";
		};
/* End PBXVariantGroup section */

/* Begin XCBuildConfiguration section */
		9EDCB137298BC37400EEE39C /* Debug */ = {
			isa = XCBuildConfiguration;
			buildSettings = {
				ALWAYS_SEARCH_USER_PATHS = NO;
				CLANG_ANALYZER_NONNULL = YES;
				CLANG_ANALYZER_NUMBER_OBJECT_CONVERSION = YES_AGGRESSIVE;
				CLANG_CXX_LANGUAGE_STANDARD = "gnu++20";
				CLANG_ENABLE_MODULES = YES;
				CLANG_ENABLE_OBJC_ARC = YES;
				CLANG_ENABLE_OBJC_WEAK = YES;
				CLANG_WARN_BLOCK_CAPTURE_AUTORELEASING = YES;
				CLANG_WARN_BOOL_CONVERSION = YES;
				CLANG_WARN_COMMA = YES;
				CLANG_WARN_CONSTANT_CONVERSION = YES;
				CLANG_WARN_DEPRECATED_OBJC_IMPLEMENTATIONS = YES;
				CLANG_WARN_DIRECT_OBJC_ISA_USAGE = YES_ERROR;
				CLANG_WARN_DOCUMENTATION_COMMENTS = YES;
				CLANG_WARN_EMPTY_BODY = YES;
				CLANG_WARN_ENUM_CONVERSION = YES;
				CLANG_WARN_INFINITE_RECURSION = YES;
				CLANG_WARN_INT_CONVERSION = YES;
				CLANG_WARN_NON_LITERAL_NULL_CONVERSION = YES;
				CLANG_WARN_OBJC_IMPLICIT_RETAIN_SELF = YES;
				CLANG_WARN_OBJC_LITERAL_CONVERSION = YES;
				CLANG_WARN_OBJC_ROOT_CLASS = YES_ERROR;
				CLANG_WARN_QUOTED_INCLUDE_IN_FRAMEWORK_HEADER = YES;
				CLANG_WARN_RANGE_LOOP_ANALYSIS = YES;
				CLANG_WARN_STRICT_PROTOTYPES = YES;
				CLANG_WARN_SUSPICIOUS_MOVE = YES;
				CLANG_WARN_UNGUARDED_AVAILABILITY = YES_AGGRESSIVE;
				CLANG_WARN_UNREACHABLE_CODE = YES;
				CLANG_WARN__DUPLICATE_METHOD_MATCH = YES;
				COPY_PHASE_STRIP = NO;
				DEBUG_INFORMATION_FORMAT = dwarf;
				ENABLE_STRICT_OBJC_MSGSEND = YES;
				ENABLE_TESTABILITY = YES;
				GCC_C_LANGUAGE_STANDARD = gnu11;
				GCC_DYNAMIC_NO_PIC = NO;
				GCC_NO_COMMON_BLOCKS = YES;
				GCC_OPTIMIZATION_LEVEL = 0;
				GCC_PREPROCESSOR_DEFINITIONS = (
					"DEBUG=1",
					"$(inherited)",
				);
				GCC_WARN_64_TO_32_BIT_CONVERSION = YES;
				GCC_WARN_ABOUT_RETURN_TYPE = YES_ERROR;
				GCC_WARN_UNDECLARED_SELECTOR = YES;
				GCC_WARN_UNINITIALIZED_AUTOS = YES_AGGRESSIVE;
				GCC_WARN_UNUSED_FUNCTION = YES;
				GCC_WARN_UNUSED_VARIABLE = YES;
				IPHONEOS_DEPLOYMENT_TARGET = 16.2;
				MTL_ENABLE_DEBUG_INFO = INCLUDE_SOURCE;
				MTL_FAST_MATH = YES;
				ONLY_ACTIVE_ARCH = YES;
				SDKROOT = iphoneos;
				SWIFT_ACTIVE_COMPILATION_CONDITIONS = DEBUG;
				SWIFT_OPTIMIZATION_LEVEL = "-Onone";
			};
			name = Debug;
		};
		9EDCB138298BC37400EEE39C /* Release */ = {
			isa = XCBuildConfiguration;
			buildSettings = {
				ALWAYS_SEARCH_USER_PATHS = NO;
				CLANG_ANALYZER_NONNULL = YES;
				CLANG_ANALYZER_NUMBER_OBJECT_CONVERSION = YES_AGGRESSIVE;
				CLANG_CXX_LANGUAGE_STANDARD = "gnu++20";
				CLANG_ENABLE_MODULES = YES;
				CLANG_ENABLE_OBJC_ARC = YES;
				CLANG_ENABLE_OBJC_WEAK = YES;
				CLANG_WARN_BLOCK_CAPTURE_AUTORELEASING = YES;
				CLANG_WARN_BOOL_CONVERSION = YES;
				CLANG_WARN_COMMA = YES;
				CLANG_WARN_CONSTANT_CONVERSION = YES;
				CLANG_WARN_DEPRECATED_OBJC_IMPLEMENTATIONS = YES;
				CLANG_WARN_DIRECT_OBJC_ISA_USAGE = YES_ERROR;
				CLANG_WARN_DOCUMENTATION_COMMENTS = YES;
				CLANG_WARN_EMPTY_BODY = YES;
				CLANG_WARN_ENUM_CONVERSION = YES;
				CLANG_WARN_INFINITE_RECURSION = YES;
				CLANG_WARN_INT_CONVERSION = YES;
				CLANG_WARN_NON_LITERAL_NULL_CONVERSION = YES;
				CLANG_WARN_OBJC_IMPLICIT_RETAIN_SELF = YES;
				CLANG_WARN_OBJC_LITERAL_CONVERSION = YES;
				CLANG_WARN_OBJC_ROOT_CLASS = YES_ERROR;
				CLANG_WARN_QUOTED_INCLUDE_IN_FRAMEWORK_HEADER = YES;
				CLANG_WARN_RANGE_LOOP_ANALYSIS = YES;
				CLANG_WARN_STRICT_PROTOTYPES = YES;
				CLANG_WARN_SUSPICIOUS_MOVE = YES;
				CLANG_WARN_UNGUARDED_AVAILABILITY = YES_AGGRESSIVE;
				CLANG_WARN_UNREACHABLE_CODE = YES;
				CLANG_WARN__DUPLICATE_METHOD_MATCH = YES;
				COPY_PHASE_STRIP = NO;
				DEBUG_INFORMATION_FORMAT = "dwarf-with-dsym";
				ENABLE_NS_ASSERTIONS = NO;
				ENABLE_STRICT_OBJC_MSGSEND = YES;
				GCC_C_LANGUAGE_STANDARD = gnu11;
				GCC_NO_COMMON_BLOCKS = YES;
				GCC_WARN_64_TO_32_BIT_CONVERSION = YES;
				GCC_WARN_ABOUT_RETURN_TYPE = YES_ERROR;
				GCC_WARN_UNDECLARED_SELECTOR = YES;
				GCC_WARN_UNINITIALIZED_AUTOS = YES_AGGRESSIVE;
				GCC_WARN_UNUSED_FUNCTION = YES;
				GCC_WARN_UNUSED_VARIABLE = YES;
				IPHONEOS_DEPLOYMENT_TARGET = 16.2;
				MTL_ENABLE_DEBUG_INFO = NO;
				MTL_FAST_MATH = YES;
				SDKROOT = iphoneos;
				SWIFT_COMPILATION_MODE = wholemodule;
				SWIFT_OPTIMIZATION_LEVEL = "-O";
				VALIDATE_PRODUCT = YES;
			};
			name = Release;
		};
		9EDCB13A298BC37400EEE39C /* Debug */ = {
			isa = XCBuildConfiguration;
			buildSettings = {
				ASSETCATALOG_COMPILER_APPICON_NAME = AppIcon;
				ASSETCATALOG_COMPILER_GLOBAL_ACCENT_COLOR_NAME = AccentColor;
				CODE_SIGN_STYLE = Automatic;
				CURRENT_PROJECT_VERSION = 1;
				GENERATE_INFOPLIST_FILE = YES;
				INFOPLIST_FILE = NewsApp/Info.plist;
				INFOPLIST_KEY_UIApplicationSupportsIndirectInputEvents = YES;
				INFOPLIST_KEY_UILaunchStoryboardName = LaunchScreen;
				INFOPLIST_KEY_UIMainStoryboardFile = Main;
				INFOPLIST_KEY_UISupportedInterfaceOrientations_iPad = "UIInterfaceOrientationPortrait UIInterfaceOrientationPortraitUpsideDown UIInterfaceOrientationLandscapeLeft UIInterfaceOrientationLandscapeRight";
				INFOPLIST_KEY_UISupportedInterfaceOrientations_iPhone = "UIInterfaceOrientationPortrait UIInterfaceOrientationLandscapeLeft UIInterfaceOrientationLandscapeRight";
				LD_RUNPATH_SEARCH_PATHS = (
					"$(inherited)",
					"@executable_path/Frameworks",
				);
				MARKETING_VERSION = 1.0;
				PRODUCT_BUNDLE_IDENTIFIER = com.i39.NewsApp;
				PRODUCT_NAME = "$(TARGET_NAME)";
				SWIFT_EMIT_LOC_STRINGS = YES;
				SWIFT_VERSION = 5.0;
				TARGETED_DEVICE_FAMILY = "1,2";
			};
			name = Debug;
		};
		9EDCB13B298BC37400EEE39C /* Release */ = {
			isa = XCBuildConfiguration;
			buildSettings = {
				ASSETCATALOG_COMPILER_APPICON_NAME = AppIcon;
				ASSETCATALOG_COMPILER_GLOBAL_ACCENT_COLOR_NAME = AccentColor;
				CODE_SIGN_STYLE = Automatic;
				CURRENT_PROJECT_VERSION = 1;
				GENERATE_INFOPLIST_FILE = YES;
				INFOPLIST_FILE = NewsApp/Info.plist;
				INFOPLIST_KEY_UIApplicationSupportsIndirectInputEvents = YES;
				INFOPLIST_KEY_UILaunchStoryboardName = LaunchScreen;
				INFOPLIST_KEY_UIMainStoryboardFile = Main;
				INFOPLIST_KEY_UISupportedInterfaceOrientations_iPad = "UIInterfaceOrientationPortrait UIInterfaceOrientationPortraitUpsideDown UIInterfaceOrientationLandscapeLeft UIInterfaceOrientationLandscapeRight";
				INFOPLIST_KEY_UISupportedInterfaceOrientations_iPhone = "UIInterfaceOrientationPortrait UIInterfaceOrientationLandscapeLeft UIInterfaceOrientationLandscapeRight";
				LD_RUNPATH_SEARCH_PATHS = (
					"$(inherited)",
					"@executable_path/Frameworks",
				);
				MARKETING_VERSION = 1.0;
				PRODUCT_BUNDLE_IDENTIFIER = com.i39.NewsApp;
				PRODUCT_NAME = "$(TARGET_NAME)";
				SWIFT_EMIT_LOC_STRINGS = YES;
				SWIFT_VERSION = 5.0;
				TARGETED_DEVICE_FAMILY = "1,2";
			};
			name = Release;
		};
/* End XCBuildConfiguration section */

/* Begin XCConfigurationList section */
		9EDCB120298BC37400EEE39C /* Build configuration list for PBXProject "NewsApp" */ = {
			isa = XCConfigurationList;
			buildConfigurations = (
				9EDCB137298BC37400EEE39C /* Debug */,
				9EDCB138298BC37400EEE39C /* Release */,
			);
			defaultConfigurationIsVisible = 0;
			defaultConfigurationName = Release;
		};
		9EDCB139298BC37400EEE39C /* Build configuration list for PBXNativeTarget "NewsApp" */ = {
			isa = XCConfigurationList;
			buildConfigurations = (
				9EDCB13A298BC37400EEE39C /* Debug */,
				9EDCB13B298BC37400EEE39C /* Release */,
			);
			defaultConfigurationIsVisible = 0;
			defaultConfigurationName = Release;
		};
/* End XCConfigurationList section */

/* Begin XCRemoteSwiftPackageReference section */
		9E02EAEC29943B540010785A /* XCRemoteSwiftPackageReference "SnapKit" */ = {
			isa = XCRemoteSwiftPackageReference;
			repositoryURL = "https://github.com/SnapKit/SnapKit.git";
			requirement = {
				kind = exactVersion;
				version = 5.6.0;
			};
		};
/* End XCRemoteSwiftPackageReference section */

/* Begin XCSwiftPackageProductDependency section */
		9E02EAED29943B540010785A /* SnapKit */ = {
			isa = XCSwiftPackageProductDependency;
			package = 9E02EAEC29943B540010785A /* XCRemoteSwiftPackageReference "SnapKit" */;
			productName = SnapKit;
		};
/* End XCSwiftPackageProductDependency section */
	};
	rootObject = 9EDCB11D298BC37400EEE39C /* Project object */;
}
